
Microsoft Visual Studio Solution File, Format Version 12.00
# Visual Studio 15
Project("{FAE04EC0-301F-11D3-BF4B-00C04F79EFBC}") = "Findsynonyms", "Findsynonyms\Findsynonyms.csproj", "{6EFCB304-D314-4A11-AB6A-E8525691913A}"
EndProject
Global
	GlobalSection(SolutionConfigurationPlatforms) = preSolution
		Debug|Any CPU = Debug|Any CPU
		Release|Any CPU = Release|Any CPU
	EndGlobalSection
	GlobalSection(ProjectConfigurationPlatforms) = postSolution
		{6EFCB304-D314-4A11-AB6A-E8525691913A}.Debug|Any CPU.ActiveCfg = Debug|Any CPU
		{6EFCB304-D314-4A11-AB6A-E8525691913A}.Debug|Any CPU.Build.0 = Debug|Any CPU
		{6EFCB304-D314-4A11-AB6A-E8525691913A}.Release|Any CPU.ActiveCfg = Release|Any CPU
		{6EFCB304-D314-4A11-AB6A-E8525691913A}.Release|Any CPU.Build.0 = Release|Any CPU
	EndGlobalSection
EndGlobal
